
Microsoft Visual Studio Solution File, Format Version 12.00
# Visual Studio Express 14 for Windows Desktop
VisualStudioVersion = 14.0.25420.1
MinimumVisualStudioVersion = 10.0.40219.1
Project("{FAE04EC0-301F-11D3-BF4B-00C04F79EFBC}") = "KinectSetupDev", "KinectSetupDev\KinectSetupDev.csproj", "{F20554B8-2949-451E-8E9D-66706061DF57}"
EndProject
Project("{FAE04EC0-301F-11D3-BF4B-00C04F79EFBC}") = "Kinect.Toolbox", "..\KinectToolbox\sourceCode\Kinect.Toolbox.csproj", "{2C84CE43-CDAB-4541-A55A-7F849E8AC247}"
EndProject
Project("{FAE04EC0-301F-11D3-BF4B-00C04F79EFBC}") = "Coding4Fun.Kinect.Wpf", "..\coding4fun\sourceCode\Coding4Fun.Kinect.Wpf\Coding4Fun.Kinect.Wpf.csproj", "{93AF58CB-B493-402C-96DF-12BCB22E9AA5}"
EndProject
Project("{FAE04EC0-301F-11D3-BF4B-00C04F79EFBC}") = "Microsoft.Samples.Kinect.WpfViewers", "..\KinectExplorer\KinectWpfViewers\Microsoft.Samples.Kinect.WpfViewers.csproj", "{4DE23893-27E7-423F-9BB6-BA21DAC2C45E}"
EndProject
Global
	GlobalSection(SolutionConfigurationPlatforms) = preSolution
		Debug|Any CPU = Debug|Any CPU
		Release|Any CPU = Release|Any CPU
	EndGlobalSection
	GlobalSection(ProjectConfigurationPlatforms) = postSolution
		{F20554B8-2949-451E-8E9D-66706061DF57}.Debug|Any CPU.ActiveCfg = Debug|Any CPU
		{F20554B8-2949-451E-8E9D-66706061DF57}.Debug|Any CPU.Build.0 = Debug|Any CPU
		{F20554B8-2949-451E-8E9D-66706061DF57}.Release|Any CPU.ActiveCfg = Release|Any CPU
		{F20554B8-2949-451E-8E9D-66706061DF57}.Release|Any CPU.Build.0 = Release|Any CPU
		{2C84CE43-CDAB-4541-A55A-7F849E8AC247}.Debug|Any CPU.ActiveCfg = Debug|Any CPU
		{2C84CE43-CDAB-4541-A55A-7F849E8AC247}.Debug|Any CPU.Build.0 = Debug|Any CPU
		{2C84CE43-CDAB-4541-A55A-7F849E8AC247}.Release|Any CPU.ActiveCfg = Release|Any CPU
		{2C84CE43-CDAB-4541-A55A-7F849E8AC247}.Release|Any CPU.Build.0 = Release|Any CPU
		{93AF58CB-B493-402C-96DF-12BCB22E9AA5}.Debug|Any CPU.ActiveCfg = Debug|Any CPU
		{93AF58CB-B493-402C-96DF-12BCB22E9AA5}.Debug|Any CPU.Build.0 = Debug|Any CPU
		{93AF58CB-B493-402C-96DF-12BCB22E9AA5}.Release|Any CPU.ActiveCfg = Release|Any CPU
		{93AF58CB-B493-402C-96DF-12BCB22E9AA5}.Release|Any CPU.Build.0 = Release|Any CPU
		{4DE23893-27E7-423F-9BB6-BA21DAC2C45E}.Debug|Any CPU.ActiveCfg = Debug|Any CPU
		{4DE23893-27E7-423F-9BB6-BA21DAC2C45E}.Debug|Any CPU.Build.0 = Debug|Any CPU
		{4DE23893-27E7-423F-9BB6-BA21DAC2C45E}.Release|Any CPU.ActiveCfg = Release|Any CPU
		{4DE23893-27E7-423F-9BB6-BA21DAC2C45E}.Release|Any CPU.Build.0 = Release|Any CPU
	EndGlobalSection
	GlobalSection(SolutionProperties) = preSolution
		HideSolutionNode = FALSE
	EndGlobalSection
EndGlobal
